
Microsoft Visual Studio Solution File, Format Version 12.00
# Visual Studio Version 17
VisualStudioVersion = 17.14.37710.0 d17.14
MinimumVisualStudioVersion = 10.0.40219.1
Project("{FAE04EC0-301F-11D3-BF4B-00C04F79EFBC}") = "Practica 8", "Practica 8.csproj", "{A49C404F-5B3E-4B36-AFB9-1E49AB1041DB}"
EndProject
Global
	GlobalSection(SolutionConfigurationPlatforms) = preSolution
		Debug|Any CPU = Debug|Any CPU
		Release|Any CPU = Release|Any CPU
	EndGlobalSection
	GlobalSection(ProjectConfigurationPlatforms) = postSolution
		{A49C404F-5B3E-4B36-AFB9-1E49AB1041DB}.Debug|Any CPU.ActiveCfg = Debug|Any CPU
		{A49C404F-5B3E-4B36-AFB9-1E49AB1041DB}.Debug|Any CPU.Build.0 = Debug|Any CPU
		{A49C404F-5B3E-4B36-AFB9-1E49AB1041DB}.Release|Any CPU.ActiveCfg = Release|Any CPU
		{A49C404F-5B3E-4B36-AFB9-1E49AB1041DB}.Release|Any CPU.Build.0 = Release|Any CPU
	EndGlobalSection
	GlobalSection(SolutionProperties) = preSolution
		HideSolutionNode = FALSE
	EndGlobalSection
	GlobalSection(ExtensibilityGlobals) = postSolution
		SolutionGuid = {BFDF2D7C-CA5C-41A1-82E9-837C1D0E47C5}
	EndGlobalSection
EndGlobal
